<?xml version="1.0" encoding="utf-8"?>
<Project ToolsVersion="4.0" xmlns="http://schemas.microsoft.com/developer/msbuild/2003">
  <ItemGroup>
    <Filter Include="Source Files">
      <UniqueIdentifier>{4FC737F1-C7A5-4376-A066-2A32D752A2FF}</UniqueIdentifier>
      <Extensions>cpp;c;cc;cxx;def;odl;idl;hpj;bat;asm;asmx</Extensions>
    </Filter>
    <Filter Include="Header Files">
      <UniqueIdentifier>{93995380-89BD-4b04-88EB-625FBE52EBFB}</UniqueIdentifier>
      <Extensions>h;hh;hpp;hxx;hm;inl;inc;xsd</Extensions>
    </Filter>
    <Filter Include="Resource Files">
      <UniqueIdentifier>{67DA6AB6-F800-4c08-8B7A-83BB121AAD01}</UniqueIdentifier>
      <Extensions>rc;ico;cur;bmp;dlg;rc2;rct;bin;rgs;gif;jpg;jpeg;jpe;resx;tiff;tif;png;wav;mfcribbon-ms</Extensions>
    </Filter>
    <Filter Include="Resource Files\FONTS">
      <UniqueIdentifier>{b5e82806-bf9b-4fdf-b17c-c35282c021a5}</UniqueIdentifier>
    </Filter>
    <Filter Include="Resource Files\IMAGES">
      <UniqueIdentifier>{1d793ccc-0d22-4eea-8d0e-c5b5a5270a40}</UniqueIdentifier>
    </Filter>
    <Filter Include="Resource Files\AUDIO">
      <UniqueIdentifier>{8389fe52-4a9c-4634-a901-3339082136d3}</UniqueIdentifier>
    </Filter>
    <Filter Include="Header Files\Entities">
      <UniqueIdentifier>{e52bbb83-1112-4622-8699-01842cc21f3b}</UniqueIdentifier>
    </Filter>
    <Filter Include="Source Files\Entities">
      <UniqueIdentifier>{bfed8eb1-6edf-4d35-b3aa-bf83e0a92f0d}</UniqueIdentifier>
    </Filter>
    <Filter Include="Header Files\InterFaces">
      <UniqueIdentifier>{bf2ee2cd-f9dc-40e6-a9bc-0b68d0654213}</UniqueIdentifier>
    </Filter>
    <Filter Include="Header Files\Components">
      <UniqueIdentifier>{31f17cb8-6ab8-4061-8a4b-8d8265549775}</UniqueIdentifier>
    </Filter>
    <Filter Include="Source Files\Components">
      <UniqueIdentifier>{c6dc208b-2d8a-45aa-a52f-7cf7b0294a0d}</UniqueIdentifier>
    </Filter>
    <Filter Include="Header Files\Managers">
      <UniqueIdentifier>{fa3b787d-166e-4ec4-9cff-eb663ff5f75a}</UniqueIdentifier>
    </Filter>
    <Filter Include="Source Files\Managers">
      <UniqueIdentifier>{8de31098-b182-4841-a9e0-bef1015e1ac7}</UniqueIdentifier>
    </Filter>
    <Filter Include="Header Files\Core">
      <UniqueIdentifier>{8d4e0117-ce91-4262-8847-51bdfe0825e0}</UniqueIdentifier>
    </Filter>
    <Filter Include="Source Files\Core">
      <UniqueIdentifier>{0fc91e38-aa98-4d48-9b06-9a966aecc1f4}</UniqueIdentifier>
    </Filter>
    <Filter Include="Header Files\Input">
      <UniqueIdentifier>{5217fa8d-5d6d-4d02-be6d-02d3fd4f632e}</UniqueIdentifier>
    </Filter>
    <Filter Include="Source Files\Input">
      <UniqueIdentifier>{7cb451d5-403f-4f53-9e4f-5cfdb386fd19}</UniqueIdentifier>
    </Filter>
    <Filter Include="Header Files\Components\Core">
      <UniqueIdentifier>{25059044-8261-403d-904f-29360369b44a}</UniqueIdentifier>
    </Filter>
    <Filter Include="Source Files\Components\Core">
      <UniqueIdentifier>{1051a286-f1ad-4c9b-b86a-fee5e677bad8}</UniqueIdentifier>
    </Filter>
    <Filter Include="Source Files\Components\UI">
      <UniqueIdentifier>{6f8bb34b-353a-4e19-90e9-8ea00116aa6b}</UniqueIdentifier>
    </Filter>
    <Filter Include="Header Files\Components\UI">
      <UniqueIdentifier>{4684b586-4753-4120-9d65-f201ed6aa45e}</UniqueIdentifier>
    </Filter>
    <Filter Include="Header Files\Components\Gameplay">
      <UniqueIdentifier>{c02bf9f7-f992-42b7-8190-e1e3a4e47f6c}</UniqueIdentifier>
    </Filter>
    <Filter Include="Source Files\Components\Gameplay">
      <UniqueIdentifier>{ecf99991-ef17-4465-89ea-8616cf02f0c7}</UniqueIdentifier>
    </Filter>
    <Filter Include="Header Files\UI">
      <UniqueIdentifier>{eabbe409-5459-4d34-b7f6-86d0915f32f1}</UniqueIdentifier>
    </Filter>
    <Filter Include="Source Files\UI">
      <UniqueIdentifier>{b22e4c29-a1c3-4fc9-97cb-9fd4a8f1426a}</UniqueIdentifier>
    </Filter>
    <Filter Include="Header Files\UI\Screens">
      <UniqueIdentifier>{935ef840-6efe-4ec8-9bef-429d48db414b}</UniqueIdentifier>
    </Filter>
    <Filter Include="Source Files\UI\Screens">
      <UniqueIdentifier>{25643592-8bc2-4698-b7cd-0f7accdad4bb}</UniqueIdentifier>
    </Filter>
    <Filter Include="Header Files\UI\HUD">
      <UniqueIdentifier>{720cc29e-b265-4f31-b296-d1a1be2b83dc}</UniqueIdentifier>
    </Filter>
    <Filter Include="Source Files\UI\HUD">
      <UniqueIdentifier>{96165b19-aea2-4b0e-9dc0-3c1c691152a5}</UniqueIdentifier>
    </Filter>
    <Filter Include="Header Files\Utilities">
      <UniqueIdentifier>{f42977a1-49a0-4307-8a5b-4d490d241210}</UniqueIdentifier>
    </Filter>
    <Filter Include="Header Files\World">
      <UniqueIdentifier>{442fe6d0-aef8-4463-a7db-52d9c60173f8}</UniqueIdentifier>
    </Filter>
    <Filter Include="Source Files\World">
      <UniqueIdentifier>{e5df3533-91f2-4ea9-82ee-cee8377b141f}</UniqueIdentifier>
    </Filter>
    <Filter Include="Header Files\Algorithms">
      <UniqueIdentifier>{1b763007-2156-4f5e-a2f1-db9afb9e1f4c}</UniqueIdentifier>
    </Filter>
    <Filter Include="Source Files\Algorithms">
      <UniqueIdentifier>{b7583ab3-079b-40ef-9f98-ccd4c8b831d3}</UniqueIdentifier>
    </Filter>
    <Filter Include="Resource Files\DATA">
      <UniqueIdentifier>{c2421b7e-0896-43e9-9368-d5ffdb55afe0}</UniqueIdentifier>
    </Filter>
  </ItemGroup>
  <ItemGroup>
    <Image Include="ASSETS\IMAGES\EnemyShip.png">
      <Filter>Resource Files\IMAGES</Filter>
    </Image>
    <Image Include="ASSETS\IMAGES\player_atlas.png">
      <Filter>Resource Files\IMAGES</Filter>
    </Image>
    <Image Include="ASSETS\IMAGES\terrain_atlas.png">
      <Filter>Resource Files\IMAGES</Filter>
    </Image>
    <Image Include="ASSETS\IMAGES\forest_atlas.png">
      <Filter>Resource Files\IMAGES</Filter>
    </Image>
  </ItemGroup>
  <ItemGroup>
    <Font Include="ASSETS\FONTS\Jersey20-Regular.ttf">
      <Filter>Resource Files\FONTS</Filter>
    </Font>
  </ItemGroup>
  <ItemGroup>
    <Media Include="ASSETS\AUDIO\beep.wav">
      <Filter>Resource Files\AUDIO</Filter>
    </Media>
  </ItemGroup>
  <ItemGroup>
    <ClCompile Include="src\Enemy.cpp">
      <Filter>Source Files\Entities</Filter>
    </ClCompile>
    <ClCompile Include="src\Player.cpp">
      <Filter>Source Files\Entities</Filter>
    </ClCompile>
    <ClCompile Include="src\GameStateManager.cpp">
      <Filter>Source Files\Managers</Filter>
    </ClCompile>
    <ClCompile Include="src\Game.cpp">
      <Filter>Source Files\Core</Filter>
    </ClCompile>
    <ClCompile Include="src\InputController.cpp">
      <Filter>Source Files\Input</Filter>
    </ClCompile>
    <ClCompile Include="src\SpriteComponent.cpp">
      <Filter>Source Files\Components\Core</Filter>
    </ClCompile>
    <ClCompile Include="src\ButtonComponent.cpp">
      <Filter>Source Files\Components\UI</Filter>
    </ClCompile>
    <ClCompile Include="src\Menu.cpp">
      <Filter>Source Files\UI\Screens</Filter>
    </ClCompile>
    <ClCompile Include="src\SettingsMenu.cpp">
      <Filter>Source Files\UI\Screens</Filter>
    </ClCompile>
    <ClCompile Include="src\CursorComponent.cpp">
      <Filter>Source Files\Components\Gameplay</Filter>
    </ClCompile>
    <ClCompile Include="src\ScreenSettings.cpp">
      <Filter>Source Files\Core</Filter>
    </ClCompile>
    <ClCompile Include="src\Inventory.cpp">
      <Filter>Source Files\UI\HUD</Filter>
    </ClCompile>
    <ClCompile Include="src\PointOfInterest.cpp">
      <Filter>Source Files\World</Filter>
    </ClCompile>
    <ClCompile Include="src\Map.cpp">
      <Filter>Source Files\World</Filter>
    </ClCompile>
    <ClCompile Include="src\MapTile.cpp">
      <Filter>Source Files\World</Filter>
    </ClCompile>
    <ClCompile Include="src\VoronoiDiagram.cpp">
      <Filter>Source Files\Algorithms</Filter>
    </ClCompile>
    <ClCompile Include="src\MapGenerator.cpp">
      <Filter>Source Files\World</Filter>
    </ClCompile>
    <ClCompile Include="src\PerlinNoise.cpp">
      <Filter>Source Files\Algorithms</Filter>
    </ClCompile>
    <ClCompile Include="src\WorldObject.cpp">
      <Filter>Source Files\World</Filter>
    </ClCompile>
    <ClCompile Include="src\ObjectPlacer.cpp">
      <Filter>Source Files\World</Filter>
    </ClCompile>
    <ClCompile Include="src\POITemplate.cpp">
      <Filter>Source Files\World</Filter>
    </ClCompile>
    <ClCompile Include="src\main.cpp">
      <Filter>Source Files</Filter>
    </ClCompile>
    <ClCompile Include="src\CollisionManager.cpp">
      <Filter>Source Files\Managers</Filter>
    </ClCompile>
    <ClCompile Include="src\POITypeConfig.cpp">
      <Filter>Source Files\World</Filter>
    </ClCompile>
  </ItemGroup>
  <ItemGroup>
    <ClInclude Include="include\Enemy.h">
      <Filter>Header Files\Entities</Filter>
    </ClInclude>
    <ClInclude Include="include\Player.h">
      <Filter>Header Files\Entities</Filter>
    </ClInclude>
    <ClInclude Include="include\GameStateManager.h">
      <Filter>Header Files\Managers</Filter>
    </ClInclude>
    <ClInclude Include="include\Game.h">
      <Filter>Header Files\Core</Filter>
    </ClInclude>
    <ClInclude Include="include\InputController.h">
      <Filter>Header Files\Input</Filter>
    </ClInclude>
    <ClInclude Include="include\SpriteComponent.h">
      <Filter>Header Files\Components\Core</Filter>
    </ClInclude>
    <ClInclude Include="include\ButtonComponent.h">
      <Filter>Header Files\Components\UI</Filter>
    </ClInclude>
    <ClInclude Include="include\Menu.h">
      <Filter>Header Files\UI\Screens</Filter>
    </ClInclude>
    <ClInclude Include="include\SettingsMenu.h">
      <Filter>Header Files\UI\Screens</Filter>
    </ClInclude>
    <ClInclude Include="include\IRenderable.h">
      <Filter>Header Files\InterFaces</Filter>
    </ClInclude>
    <ClInclude Include="include\IUpdatable.h">
      <Filter>Header Files\InterFaces</Filter>
    </ClInclude>
    <ClInclude Include="include\IPositionable.h">
      <Filter>Header Files\InterFaces</Filter>
    </ClInclude>
    <ClInclude Include="include\ICollidable.h">
      <Filter>Header Files\InterFaces</Filter>
    </ClInclude>
    <ClInclude Include="include\IGameEntity.h">
      <Filter>Header Files\InterFaces</Filter>
    </ClInclude>
    <ClInclude Include="include\MathUtilities.h">
      <Filter>Header Files\Utilities</Filter>
    </ClInclude>
    <ClInclude Include="include\CursorComponent.h">
      <Filter>Header Files\Components\Gameplay</Filter>
    </ClInclude>
    <ClInclude Include="include\ScreenSettings.h">
      <Filter>Header Files\Core</Filter>
    </ClInclude>
    <ClInclude Include="include\AssetPaths.h">
      <Filter>Header Files\Core</Filter>
    </ClInclude>
    <ClInclude Include="include\Inventory.h">
      <Filter>Header Files\UI\HUD</Filter>
    </ClInclude>
    <ClInclude Include="include\PointOfInterest.h">
      <Filter>Header Files\World</Filter>
    </ClInclude>
    <ClInclude Include="include\Map.h">
      <Filter>Header Files\World</Filter>
    </ClInclude>
    <ClInclude Include="include\VoronoiDiagram.h">
      <Filter>Header Files\Algorithms</Filter>
    </ClInclude>
    <ClInclude Include="include\MapTile.h">
      <Filter>Header Files\World</Filter>
    </ClInclude>
    <ClInclude Include="include\MapGenerator.h">
      <Filter>Header Files\World</Filter>
    </ClInclude>
    <ClInclude Include="include\PerlinNoise.h">
      <Filter>Header Files\Algorithms</Filter>
    </ClInclude>
    <ClInclude Include="include\WorldObject.h">
      <Filter>Header Files\World</Filter>
    </ClInclude>
    <ClInclude Include="include\ObjectPlacer.h">
      <Filter>Header Files\World</Filter>
    </ClInclude>
    <ClInclude Include="include\POITemplate.h">
      <Filter>Header Files\World</Filter>
    </ClInclude>
    <ClInclude Include="include\CollisionManager.h">
      <Filter>Header Files\Managers</Filter>
    </ClInclude>
    <ClInclude Include="include\POITypeConfig.h">
      <Filter>Header Files\World</Filter>
    </ClInclude>
  </ItemGroup>
  <ItemGroup>
    <Text Include="ASSETS\DATA\forest-atlas-points.txt">
      <Filter>Resource Files\DATA</Filter>
    </Text>
    <Text Include="ASSETS\DATA\terrain-atlas-points.txt">
      <Filter>Resource Files\DATA</Filter>
    </Text>
  </ItemGroup>
</Project>