<?xml version="1.0" encoding="utf-8"?>
<Project ToolsVersion="17.0" xmlns="http://schemas.microsoft.com/developer/msbuild/2003">
  <ItemGroup>
    <CustomBuild Include="C:\Users\edwar\OneDrive\Desktop\Thorns\4th-Year-Thorns\Thorns\Thorns\lib\tmxlite\tmxbackup\build32\CMakeFiles\e5e36f13a62fdb065e63b27b9d776bd2\INSTALL_force.rule">
      <Filter>CMake Rules</Filter>
    </CustomBuild>
  </ItemGroup>
  <ItemGroup>
    <Filter Include="CMake Rules">
      <UniqueIdentifier>{05B0B0E1-4F0F-31B2-AADC-A631C225018A}</UniqueIdentifier>
    </Filter>
  </ItemGroup>
</Project>
